<?xml version="1.0" encoding="UTF-8"?>
<Scheme
   LastUpgradeVersion = "0640"
   version = "1.3">
   <BuildAction
      parallelizeBuildables = "YES"
      buildImplicitDependencies = "YES">
      <BuildActionEntries>
         <BuildActionEntry
            buildForTesting = "YES"
            buildForRunning = "YES"
            buildForProfiling = "YES"
            buildForArchiving = "YES"
            buildForAnalyzing = "YES">
            <BuildableReference
               BuildableIdentifier = "primary"
               BlueprintIdentifier = "83D709F91B505CD80020E8D4"
               BuildableName = "HowToDoIt WatchKit App.app"
               BlueprintName = "HowToDoIt WatchKit App"
               ReferencedContainer = "container:HowToDoIt.xcodeproj">
            </BuildableReference>
         </BuildActionEntry>
         <BuildActionEntry
            buildForTesting = "YES"
            buildForRunning = "YES"
            buildForProfiling = "YES"
            buildForArchiving = "YES"
            buildForAnalyzing = "YES">
            <BuildableReference
               BuildableIdentifier = "primary"
               BlueprintIdentifier = "83D709C31B505C740020E8D4"
               BuildableName = "HowToDoIt.app"
               BlueprintName = "HowToDoIt"
               ReferencedContainer = "container:HowToDoIt.xcodeproj">
            </BuildableReference>
         </BuildActionEntry>
         <BuildActionEntry
            buildForTesting = "YES"
            buildForRunning = "YES"
            buildForProfiling = "YES"
            buildForArchiving = "YES"
            buildForAnalyzing = "YES">
            <BuildableReference
               BuildableIdentifier = "primary"
               BlueprintIdentifier = "83D709EF1B505CD80020E8D4"
               BuildableName = "HowToDoIt WatchKit Extension.appex"
               BlueprintName = "HowToDoIt WatchKit Extension"
               ReferencedContainer = "container:HowToDoIt.xcodeproj">
            </BuildableReference>
         </BuildActionEntry>
      </BuildActionEntries>
   </BuildAction>
   <TestAction
      selectedDebuggerIdentifier = "Xcode.DebuggerFoundation.Debugger.LLDB"
      selectedLauncherIdentifier = "Xcode.DebuggerFoundation.Launcher.LLDB"
      shouldUseLaunchSchemeArgsEnv = "YES"
      buildConfiguration = "Debug">
      <Testables>
      </Testables>
      <MacroExpansion>
         <BuildableReference
            BuildableIdentifier = "primary"
            BlueprintIdentifier = "83D709F91B505CD80020E8D4"
            BuildableName = "HowToDoIt WatchKit App.app"
            BlueprintName = "HowToDoIt WatchKit App"
            ReferencedContainer = "container:HowToDoIt.xcodeproj">
         </BuildableReference>
      </MacroExpansion>
   </TestAction>
   <LaunchAction
      selectedDebuggerIdentifier = "Xcode.DebuggerFoundation.Debugger.LLDB"
      selectedLauncherIdentifier = "Xcode.DebuggerFoundation.Launcher.LLDB"
      launchStyle = "0"
      useCustomWorkingDirectory = "NO"
      buildConfiguration = "Debug"
      ignoresPersistentStateOnLaunch = "NO"
      debugDocumentVersioning = "YES"
      allowLocationSimulation = "YES">
      <RemoteRunnable
         runnableDebuggingMode = "2"
         BundleIdentifier = "com.apple.springboard"
         RemotePath = "/HowToDoIt">
         <BuildableReference
            BuildableIdentifier = "primary"
            BlueprintIdentifier = "83D709F91B505CD80020E8D4"
            BuildableName = "HowToDoIt WatchKit App.app"
            BlueprintName = "HowToDoIt WatchKit App"
            ReferencedContainer = "container:HowToDoIt.xcodeproj">
         </BuildableReference>
      </RemoteRunnable>
      <MacroExpansion>
         <BuildableReference
            BuildableIdentifier = "primary"
            BlueprintIdentifier = "83D709F91B505CD80020E8D4"
            BuildableName = "HowToDoIt WatchKit App.app"
            BlueprintName = "HowToDoIt WatchKit App"
            ReferencedContainer = "container:HowToDoIt.xcodeproj">
         </BuildableReference>
      </MacroExpansion>
      <AdditionalOptions>
      </AdditionalOptions>
   </LaunchAction>
   <ProfileAction
      shouldUseLaunchSchemeArgsEnv = "YES"
      savedToolIdentifier = ""
      useCustomWorkingDirectory = "NO"
      buildConfiguration = "Release"
      debugDocumentVersioning = "YES">
      <RemoteRunnable
         runnableDebuggingMode = "2"
         BundleIdentifier = "com.apple.springboard"
         RemotePath = "/HowToDoIt">
         <BuildableReference
            BuildableIdentifier = "primary"
            BlueprintIdentifier = "83D709F91B505CD80020E8D4"
            BuildableName = "HowToDoIt WatchKit App.app"
            BlueprintName = "HowToDoIt WatchKit App"
            ReferencedContainer = "container:HowToDoIt.xcodeproj">
         </BuildableReference>
      </RemoteRunnable>
      <MacroExpansion>
         <BuildableReference
            BuildableIdentifier = "primary"
            BlueprintIdentifier = "83D709F91B505CD80020E8D4"
            BuildableName = "HowToDoIt WatchKit App.app"
            BlueprintName = "HowToDoIt WatchKit App"
            ReferencedContainer = "container:HowToDoIt.xcodeproj">
         </BuildableReference>
      </MacroExpansion>
   </ProfileAction>
   <AnalyzeAction
      buildConfiguration = "Debug">
   </AnalyzeAction>
   <ArchiveAction
      buildConfiguration = "Release"
      revealArchiveInOrganizer = "YES">
   </ArchiveAction>
</Scheme>
